{
  "name": "apiMarviel",
  "lockfileVersion": 3,
  "requires": true,
  "packages": {
    "": {
      "dependencies": {
        "@ng-bootstrap/ng-bootstrap": "^15.1.2"
      }
    },
    "node_modules/@ng-bootstrap/ng-bootstrap": {
      "version": "15.1.2",
      "resolved": "https://registry.npmjs.org/@ng-bootstrap/ng-bootstrap/-/ng-bootstrap-15.1.2.tgz",
      "integrity": "sha512-mM2yiGnt9o7KZLIFp8K1vjfmVfu7HR3d8dhH5SszfArbgn9DvvQ4P5D5TDGygzyBSzeyZe18p7I8rX8vgA6DKw==",
      "dependencies": {
        "tslib": "^2.3.0"
      },
      "peerDependencies": {
        "@angular/common": "^16.0.0",
        "@angular/core": "^16.0.0",
        "@angular/forms": "^16.0.0",
        "@angular/localize": "^16.0.0",
        "@popperjs/core": "^2.11.6",
        "rxjs": "^6.5.3 || ^7.4.0"
      }
    },
    "node_modules/tslib": {
      "version": "2.6.2",
      "resolved": "https://registry.npmjs.org/tslib/-/tslib-2.6.2.tgz",
      "integrity": "sha512-AEYxH93jGFPn/a2iVAwW87VuUIkR1FVUKB77NwMF7nBTDkDrrT/Hpt/IrCJ0QXhW27jTBDcf5ZY7w6RiqTMw2Q=="
    }
  }
}
